
Microsoft Visual Studio Solution File, Format Version 12.00
# Visual Studio Version 17
VisualStudioVersion = 17.3.32804.467
MinimumVisualStudioVersion = 10.0.40219.1
Project("{9A19103F-16F7-4668-BE54-9A1E7A4F7556}") = "CADability", "CADability\CADability.csproj", "{B234840A-1F1C-4C53-9789-4EEB82349F98}"
EndProject
Project("{9A19103F-16F7-4668-BE54-9A1E7A4F7556}") = "CADability.Tests", "tests\CADability.Tests\CADability.Tests.csproj", "{D850552B-002C-4622-BD0D-9673C3BA21F1}"
EndProject
Project("{2150E333-8FDC-42A3-9474-1A3956D46DE8}") = "Tests", "Tests", "{C605F551-B2C6-4B2E-A294-12A7E2C2CEDD}"
EndProject
Project("{FAE04EC0-301F-11D3-BF4B-00C04F79EFBC}") = "CADability.Forms.NET8", "CADability.Forms.NET8\CADability.Forms.NET8.csproj", "{9320A763-1476-6BCE-23BC-EF8F2BF31336}"
EndProject
Project("{FAE04EC0-301F-11D3-BF4B-00C04F79EFBC}") = "CADability.App.NET8", "CADability.App.NET8\CADability.App.NET8.csproj", "{D681B799-8220-388F-80C9-993E361F7BAF}"
	ProjectSection(ProjectDependencies) = postProject
		{B234840A-1F1C-4C53-9789-4EEB82349F98} = {B234840A-1F1C-4C53-9789-4EEB82349F98}
	EndProjectSection
EndProject
Project("{FAE04EC0-301F-11D3-BF4B-00C04F79EFBC}") = "CADability.DebuggerVisualizers", "CADability.DebuggerVisualizers\CADability.DebuggerVisualizers.csproj", "{37A7116C-1890-F01A-24F7-7E74F836B81F}"
EndProject
Project("{FAE04EC0-301F-11D3-BF4B-00C04F79EFBC}") = "CADability.DebuggerVisualizers.ObjectSource", "CADability.DebuggerVisualizers.ObjectSource\CADability.DebuggerVisualizers.ObjectSource.csproj", "{ED81294B-BFF3-4BD0-B316-795308F3B4CA}"
EndProject
Global
	GlobalSection(SolutionConfigurationPlatforms) = preSolution
		Debug|Any CPU = Debug|Any CPU
		Debug|x64 = Debug|x64
		Release|Any CPU = Release|Any CPU
		Release|x64 = Release|x64
		RelWithDoc|Any CPU = RelWithDoc|Any CPU
		RelWithDoc|x64 = RelWithDoc|x64
	EndGlobalSection
	GlobalSection(ProjectConfigurationPlatforms) = postSolution
		{B234840A-1F1C-4C53-9789-4EEB82349F98}.Debug|Any CPU.ActiveCfg = Debug|Any CPU
		{B234840A-1F1C-4C53-9789-4EEB82349F98}.Debug|Any CPU.Build.0 = Debug|Any CPU
		{B234840A-1F1C-4C53-9789-4EEB82349F98}.Debug|x64.ActiveCfg = WebDebug|x64
		{B234840A-1F1C-4C53-9789-4EEB82349F98}.Debug|x64.Build.0 = WebDebug|x64
		{B234840A-1F1C-4C53-9789-4EEB82349F98}.Release|Any CPU.ActiveCfg = Release|Any CPU
		{B234840A-1F1C-4C53-9789-4EEB82349F98}.Release|Any CPU.Build.0 = Release|Any CPU
		{B234840A-1F1C-4C53-9789-4EEB82349F98}.Release|x64.ActiveCfg = Release|x64
		{B234840A-1F1C-4C53-9789-4EEB82349F98}.Release|x64.Build.0 = Release|x64
		{B234840A-1F1C-4C53-9789-4EEB82349F98}.RelWithDoc|Any CPU.ActiveCfg = RelWithDoc|Any CPU
		{B234840A-1F1C-4C53-9789-4EEB82349F98}.RelWithDoc|Any CPU.Build.0 = RelWithDoc|Any CPU
		{B234840A-1F1C-4C53-9789-4EEB82349F98}.RelWithDoc|x64.ActiveCfg = RelWithDoc|x64
		{B234840A-1F1C-4C53-9789-4EEB82349F98}.RelWithDoc|x64.Build.0 = RelWithDoc|x64
		{D850552B-002C-4622-BD0D-9673C3BA21F1}.Debug|Any CPU.ActiveCfg = Debug|Any CPU
		{D850552B-002C-4622-BD0D-9673C3BA21F1}.Debug|Any CPU.Build.0 = Debug|Any CPU
		{D850552B-002C-4622-BD0D-9673C3BA21F1}.Debug|x64.ActiveCfg = Debug|x64
		{D850552B-002C-4622-BD0D-9673C3BA21F1}.Debug|x64.Build.0 = Debug|x64
		{D850552B-002C-4622-BD0D-9673C3BA21F1}.Release|Any CPU.ActiveCfg = Release|Any CPU
		{D850552B-002C-4622-BD0D-9673C3BA21F1}.Release|Any CPU.Build.0 = Release|Any CPU
		{D850552B-002C-4622-BD0D-9673C3BA21F1}.Release|x64.ActiveCfg = Release|x64
		{D850552B-002C-4622-BD0D-9673C3BA21F1}.Release|x64.Build.0 = Release|x64
		{D850552B-002C-4622-BD0D-9673C3BA21F1}.RelWithDoc|Any CPU.ActiveCfg = Release|Any CPU
		{D850552B-002C-4622-BD0D-9673C3BA21F1}.RelWithDoc|Any CPU.Build.0 = Release|Any CPU
		{D850552B-002C-4622-BD0D-9673C3BA21F1}.RelWithDoc|x64.ActiveCfg = Release|x64
		{D850552B-002C-4622-BD0D-9673C3BA21F1}.RelWithDoc|x64.Build.0 = Release|x64
		{9320A763-1476-6BCE-23BC-EF8F2BF31336}.Debug|Any CPU.ActiveCfg = Debug|Any CPU
		{9320A763-1476-6BCE-23BC-EF8F2BF31336}.Debug|Any CPU.Build.0 = Debug|Any CPU
		{9320A763-1476-6BCE-23BC-EF8F2BF31336}.Debug|x64.ActiveCfg = Debug|Any CPU
		{9320A763-1476-6BCE-23BC-EF8F2BF31336}.Debug|x64.Build.0 = Debug|Any CPU
		{9320A763-1476-6BCE-23BC-EF8F2BF31336}.Release|Any CPU.ActiveCfg = Release|Any CPU
		{9320A763-1476-6BCE-23BC-EF8F2BF31336}.Release|Any CPU.Build.0 = Release|Any CPU
		{9320A763-1476-6BCE-23BC-EF8F2BF31336}.Release|x64.ActiveCfg = Release|Any CPU
		{9320A763-1476-6BCE-23BC-EF8F2BF31336}.Release|x64.Build.0 = Release|Any CPU
		{9320A763-1476-6BCE-23BC-EF8F2BF31336}.RelWithDoc|Any CPU.ActiveCfg = Debug|Any CPU
		{9320A763-1476-6BCE-23BC-EF8F2BF31336}.RelWithDoc|Any CPU.Build.0 = Debug|Any CPU
		{9320A763-1476-6BCE-23BC-EF8F2BF31336}.RelWithDoc|x64.ActiveCfg = Debug|Any CPU
		{9320A763-1476-6BCE-23BC-EF8F2BF31336}.RelWithDoc|x64.Build.0 = Debug|Any CPU
		{D681B799-8220-388F-80C9-993E361F7BAF}.Debug|Any CPU.ActiveCfg = Debug|Any CPU
		{D681B799-8220-388F-80C9-993E361F7BAF}.Debug|Any CPU.Build.0 = Debug|Any CPU
		{D681B799-8220-388F-80C9-993E361F7BAF}.Debug|x64.ActiveCfg = Debug|Any CPU
		{D681B799-8220-388F-80C9-993E361F7BAF}.Debug|x64.Build.0 = Debug|Any CPU
		{D681B799-8220-388F-80C9-993E361F7BAF}.Release|Any CPU.ActiveCfg = Release|Any CPU
		{D681B799-8220-388F-80C9-993E361F7BAF}.Release|Any CPU.Build.0 = Release|Any CPU
		{D681B799-8220-388F-80C9-993E361F7BAF}.Release|x64.ActiveCfg = Release|Any CPU
		{D681B799-8220-388F-80C9-993E361F7BAF}.Release|x64.Build.0 = Release|Any CPU
		{D681B799-8220-388F-80C9-993E361F7BAF}.RelWithDoc|Any CPU.ActiveCfg = Debug|Any CPU
		{D681B799-8220-388F-80C9-993E361F7BAF}.RelWithDoc|Any CPU.Build.0 = Debug|Any CPU
		{D681B799-8220-388F-80C9-993E361F7BAF}.RelWithDoc|x64.ActiveCfg = Debug|Any CPU
		{D681B799-8220-388F-80C9-993E361F7BAF}.RelWithDoc|x64.Build.0 = Debug|Any CPU
		{37A7116C-1890-F01A-24F7-7E74F836B81F}.Debug|Any CPU.ActiveCfg = Debug|Any CPU
		{37A7116C-1890-F01A-24F7-7E74F836B81F}.Debug|Any CPU.Build.0 = Debug|Any CPU
		{37A7116C-1890-F01A-24F7-7E74F836B81F}.Debug|x64.ActiveCfg = Debug|Any CPU
		{37A7116C-1890-F01A-24F7-7E74F836B81F}.Debug|x64.Build.0 = Debug|Any CPU
		{37A7116C-1890-F01A-24F7-7E74F836B81F}.Release|Any CPU.ActiveCfg = Release|Any CPU
		{37A7116C-1890-F01A-24F7-7E74F836B81F}.Release|Any CPU.Build.0 = Release|Any CPU
		{37A7116C-1890-F01A-24F7-7E74F836B81F}.Release|x64.ActiveCfg = Release|Any CPU
		{37A7116C-1890-F01A-24F7-7E74F836B81F}.Release|x64.Build.0 = Release|Any CPU
		{37A7116C-1890-F01A-24F7-7E74F836B81F}.RelWithDoc|Any CPU.ActiveCfg = Debug|Any CPU
		{37A7116C-1890-F01A-24F7-7E74F836B81F}.RelWithDoc|Any CPU.Build.0 = Debug|Any CPU
		{37A7116C-1890-F01A-24F7-7E74F836B81F}.RelWithDoc|x64.ActiveCfg = Debug|Any CPU
		{37A7116C-1890-F01A-24F7-7E74F836B81F}.RelWithDoc|x64.Build.0 = Debug|Any CPU
		{ED81294B-BFF3-4BD0-B316-795308F3B4CA}.Debug|Any CPU.ActiveCfg = Debug|Any CPU
		{ED81294B-BFF3-4BD0-B316-795308F3B4CA}.Debug|Any CPU.Build.0 = Debug|Any CPU
		{ED81294B-BFF3-4BD0-B316-795308F3B4CA}.Debug|x64.ActiveCfg = Debug|Any CPU
		{ED81294B-BFF3-4BD0-B316-795308F3B4CA}.Debug|x64.Build.0 = Debug|Any CPU
		{ED81294B-BFF3-4BD0-B316-795308F3B4CA}.Release|Any CPU.ActiveCfg = Release|Any CPU
		{ED81294B-BFF3-4BD0-B316-795308F3B4CA}.Release|Any CPU.Build.0 = Release|Any CPU
		{ED81294B-BFF3-4BD0-B316-795308F3B4CA}.Release|x64.ActiveCfg = Release|Any CPU
		{ED81294B-BFF3-4BD0-B316-795308F3B4CA}.Release|x64.Build.0 = Release|Any CPU
		{ED81294B-BFF3-4BD0-B316-795308F3B4CA}.RelWithDoc|Any CPU.ActiveCfg = Debug|Any CPU
		{ED81294B-BFF3-4BD0-B316-795308F3B4CA}.RelWithDoc|Any CPU.Build.0 = Debug|Any CPU
		{ED81294B-BFF3-4BD0-B316-795308F3B4CA}.RelWithDoc|x64.ActiveCfg = Debug|Any CPU
		{ED81294B-BFF3-4BD0-B316-795308F3B4CA}.RelWithDoc|x64.Build.0 = Debug|Any CPU
	EndGlobalSection
	GlobalSection(SolutionProperties) = preSolution
		HideSolutionNode = FALSE
	EndGlobalSection
	GlobalSection(NestedProjects) = preSolution
		{D850552B-002C-4622-BD0D-9673C3BA21F1} = {C605F551-B2C6-4B2E-A294-12A7E2C2CEDD}
	EndGlobalSection
	GlobalSection(ExtensibilityGlobals) = postSolution
		SolutionGuid = {A0488D96-CE5E-4E02-8E1A-0D54ECB5FF81}
	EndGlobalSection
EndGlobal
