
Microsoft Visual Studio Solution File, Format Version 12.00
# Visual Studio Version 17
VisualStudioVersion = 17.14.36127.28
MinimumVisualStudioVersion = 10.0.40219.1
Project("{9A19103F-16F7-4668-BE54-9A1E7A4F7556}") = "CADability", "..\CADability\CADability\CADability.csproj", "{FECF4F56-043E-43F9-A682-4A84F94A1A56}"
EndProject
Project("{9A19103F-16F7-4668-BE54-9A1E7A4F7556}") = "CADability.Forms.NET8", "..\CADability\CADability.Forms.NET8\CADability.Forms.NET8.csproj", "{0D70D349-786A-42DF-92CF-E4D69B0A57DD}"
EndProject
Project("{9A19103F-16F7-4668-BE54-9A1E7A4F7556}") = "CADability.App.NET8", "..\CADability\CADability.App.NET8\CADability.App.NET8.csproj", "{1B52AF45-F3D9-41C6-99DF-A227308E3EE9}"
EndProject
Project("{FAE04EC0-301F-11D3-BF4B-00C04F79EFBC}") = "ShapeIt", "..\CADability\ShapeIt\ShapeIt.csproj", "{216D48C0-91E3-CC1A-ED21-DDDFA50D7EB4}"
EndProject
Global
	GlobalSection(SolutionConfigurationPlatforms) = preSolution
		Debug|Any CPU = Debug|Any CPU
		Debug|x64 = Debug|x64
		Release|Any CPU = Release|Any CPU
		Release|x64 = Release|x64
		RelWithDoc|Any CPU = RelWithDoc|Any CPU
		RelWithDoc|x64 = RelWithDoc|x64
		WebDebug|Any CPU = WebDebug|Any CPU
		WebDebug|x64 = WebDebug|x64
	EndGlobalSection
	GlobalSection(ProjectConfigurationPlatforms) = postSolution
		{FECF4F56-043E-43F9-A682-4A84F94A1A56}.Debug|Any CPU.ActiveCfg = Debug|Any CPU
		{FECF4F56-043E-43F9-A682-4A84F94A1A56}.Debug|Any CPU.Build.0 = Debug|Any CPU
		{FECF4F56-043E-43F9-A682-4A84F94A1A56}.Debug|x64.ActiveCfg = Debug|x64
		{FECF4F56-043E-43F9-A682-4A84F94A1A56}.Debug|x64.Build.0 = Debug|x64
		{FECF4F56-043E-43F9-A682-4A84F94A1A56}.Release|Any CPU.ActiveCfg = Release|Any CPU
		{FECF4F56-043E-43F9-A682-4A84F94A1A56}.Release|Any CPU.Build.0 = Release|Any CPU
		{FECF4F56-043E-43F9-A682-4A84F94A1A56}.Release|x64.ActiveCfg = Release|x64
		{FECF4F56-043E-43F9-A682-4A84F94A1A56}.Release|x64.Build.0 = Release|x64
		{FECF4F56-043E-43F9-A682-4A84F94A1A56}.RelWithDoc|Any CPU.ActiveCfg = RelWithDoc|Any CPU
		{FECF4F56-043E-43F9-A682-4A84F94A1A56}.RelWithDoc|Any CPU.Build.0 = RelWithDoc|Any CPU
		{FECF4F56-043E-43F9-A682-4A84F94A1A56}.RelWithDoc|x64.ActiveCfg = RelWithDoc|x64
		{FECF4F56-043E-43F9-A682-4A84F94A1A56}.RelWithDoc|x64.Build.0 = RelWithDoc|x64
		{FECF4F56-043E-43F9-A682-4A84F94A1A56}.WebDebug|Any CPU.ActiveCfg = WebDebug|Any CPU
		{FECF4F56-043E-43F9-A682-4A84F94A1A56}.WebDebug|Any CPU.Build.0 = WebDebug|Any CPU
		{FECF4F56-043E-43F9-A682-4A84F94A1A56}.WebDebug|x64.ActiveCfg = WebDebug|x64
		{FECF4F56-043E-43F9-A682-4A84F94A1A56}.WebDebug|x64.Build.0 = WebDebug|x64
		{0D70D349-786A-42DF-92CF-E4D69B0A57DD}.Debug|Any CPU.ActiveCfg = Debug|Any CPU
		{0D70D349-786A-42DF-92CF-E4D69B0A57DD}.Debug|Any CPU.Build.0 = Debug|Any CPU
		{0D70D349-786A-42DF-92CF-E4D69B0A57DD}.Debug|x64.ActiveCfg = Debug|Any CPU
		{0D70D349-786A-42DF-92CF-E4D69B0A57DD}.Debug|x64.Build.0 = Debug|Any CPU
		{0D70D349-786A-42DF-92CF-E4D69B0A57DD}.Release|Any CPU.ActiveCfg = Release|Any CPU
		{0D70D349-786A-42DF-92CF-E4D69B0A57DD}.Release|Any CPU.Build.0 = Release|Any CPU
		{0D70D349-786A-42DF-92CF-E4D69B0A57DD}.Release|x64.ActiveCfg = Release|Any CPU
		{0D70D349-786A-42DF-92CF-E4D69B0A57DD}.Release|x64.Build.0 = Release|Any CPU
		{0D70D349-786A-42DF-92CF-E4D69B0A57DD}.RelWithDoc|Any CPU.ActiveCfg = Release|Any CPU
		{0D70D349-786A-42DF-92CF-E4D69B0A57DD}.RelWithDoc|Any CPU.Build.0 = Release|Any CPU
		{0D70D349-786A-42DF-92CF-E4D69B0A57DD}.RelWithDoc|x64.ActiveCfg = Release|Any CPU
		{0D70D349-786A-42DF-92CF-E4D69B0A57DD}.RelWithDoc|x64.Build.0 = Release|Any CPU
		{0D70D349-786A-42DF-92CF-E4D69B0A57DD}.WebDebug|Any CPU.ActiveCfg = Debug|Any CPU
		{0D70D349-786A-42DF-92CF-E4D69B0A57DD}.WebDebug|Any CPU.Build.0 = Debug|Any CPU
		{0D70D349-786A-42DF-92CF-E4D69B0A57DD}.WebDebug|x64.ActiveCfg = Debug|Any CPU
		{0D70D349-786A-42DF-92CF-E4D69B0A57DD}.WebDebug|x64.Build.0 = Debug|Any CPU
		{1B52AF45-F3D9-41C6-99DF-A227308E3EE9}.Debug|Any CPU.ActiveCfg = Debug|Any CPU
		{1B52AF45-F3D9-41C6-99DF-A227308E3EE9}.Debug|Any CPU.Build.0 = Debug|Any CPU
		{1B52AF45-F3D9-41C6-99DF-A227308E3EE9}.Debug|x64.ActiveCfg = Debug|Any CPU
		{1B52AF45-F3D9-41C6-99DF-A227308E3EE9}.Debug|x64.Build.0 = Debug|Any CPU
		{1B52AF45-F3D9-41C6-99DF-A227308E3EE9}.Release|Any CPU.ActiveCfg = Release|Any CPU
		{1B52AF45-F3D9-41C6-99DF-A227308E3EE9}.Release|Any CPU.Build.0 = Release|Any CPU
		{1B52AF45-F3D9-41C6-99DF-A227308E3EE9}.Release|x64.ActiveCfg = Release|Any CPU
		{1B52AF45-F3D9-41C6-99DF-A227308E3EE9}.Release|x64.Build.0 = Release|Any CPU
		{1B52AF45-F3D9-41C6-99DF-A227308E3EE9}.RelWithDoc|Any CPU.ActiveCfg = Release|Any CPU
		{1B52AF45-F3D9-41C6-99DF-A227308E3EE9}.RelWithDoc|Any CPU.Build.0 = Release|Any CPU
		{1B52AF45-F3D9-41C6-99DF-A227308E3EE9}.RelWithDoc|x64.ActiveCfg = Release|Any CPU
		{1B52AF45-F3D9-41C6-99DF-A227308E3EE9}.RelWithDoc|x64.Build.0 = Release|Any CPU
		{1B52AF45-F3D9-41C6-99DF-A227308E3EE9}.WebDebug|Any CPU.ActiveCfg = Debug|Any CPU
		{1B52AF45-F3D9-41C6-99DF-A227308E3EE9}.WebDebug|Any CPU.Build.0 = Debug|Any CPU
		{1B52AF45-F3D9-41C6-99DF-A227308E3EE9}.WebDebug|x64.ActiveCfg = Debug|Any CPU
		{1B52AF45-F3D9-41C6-99DF-A227308E3EE9}.WebDebug|x64.Build.0 = Debug|Any CPU
		{216D48C0-91E3-CC1A-ED21-DDDFA50D7EB4}.Debug|Any CPU.ActiveCfg = Debug|Any CPU
		{216D48C0-91E3-CC1A-ED21-DDDFA50D7EB4}.Debug|Any CPU.Build.0 = Debug|Any CPU
		{216D48C0-91E3-CC1A-ED21-DDDFA50D7EB4}.Debug|x64.ActiveCfg = Debug|Any CPU
		{216D48C0-91E3-CC1A-ED21-DDDFA50D7EB4}.Debug|x64.Build.0 = Debug|Any CPU
		{216D48C0-91E3-CC1A-ED21-DDDFA50D7EB4}.Release|Any CPU.ActiveCfg = Release|Any CPU
		{216D48C0-91E3-CC1A-ED21-DDDFA50D7EB4}.Release|Any CPU.Build.0 = Release|Any CPU
		{216D48C0-91E3-CC1A-ED21-DDDFA50D7EB4}.Release|x64.ActiveCfg = Release|Any CPU
		{216D48C0-91E3-CC1A-ED21-DDDFA50D7EB4}.Release|x64.Build.0 = Release|Any CPU
		{216D48C0-91E3-CC1A-ED21-DDDFA50D7EB4}.RelWithDoc|Any CPU.ActiveCfg = Debug|Any CPU
		{216D48C0-91E3-CC1A-ED21-DDDFA50D7EB4}.RelWithDoc|Any CPU.Build.0 = Debug|Any CPU
		{216D48C0-91E3-CC1A-ED21-DDDFA50D7EB4}.RelWithDoc|x64.ActiveCfg = Debug|Any CPU
		{216D48C0-91E3-CC1A-ED21-DDDFA50D7EB4}.RelWithDoc|x64.Build.0 = Debug|Any CPU
		{216D48C0-91E3-CC1A-ED21-DDDFA50D7EB4}.WebDebug|Any CPU.ActiveCfg = Debug|Any CPU
		{216D48C0-91E3-CC1A-ED21-DDDFA50D7EB4}.WebDebug|Any CPU.Build.0 = Debug|Any CPU
		{216D48C0-91E3-CC1A-ED21-DDDFA50D7EB4}.WebDebug|x64.ActiveCfg = Debug|Any CPU
		{216D48C0-91E3-CC1A-ED21-DDDFA50D7EB4}.WebDebug|x64.Build.0 = Debug|Any CPU
	EndGlobalSection
	GlobalSection(SolutionProperties) = preSolution
		HideSolutionNode = FALSE
	EndGlobalSection
	GlobalSection(ExtensibilityGlobals) = postSolution
		SolutionGuid = {2A213939-0B1C-4FC2-8167-EA921C75E378}
	EndGlobalSection
EndGlobal
