
Microsoft Visual Studio Solution File, Format Version 12.00
# Visual Studio Version 17
VisualStudioVersion = 17.14.36414.22
MinimumVisualStudioVersion = 10.0.40219.1
Project("{FAE04EC0-301F-11D3-BF4B-00C04F79EFBC}") = "CADability.DebuggerViewer", "CADability.DebuggerViewer\CADability.DebuggerViewer.csproj", "{A7BC2DFC-DC9A-4EBA-A20C-FADBEFAB1B26}"
EndProject
Project("{FAE04EC0-301F-11D3-BF4B-00C04F79EFBC}") = "CADability.Forms.NET8", "..\CADability.Forms.NET8\CADability.Forms.NET8.csproj", "{12C902F4-1F95-CA33-CDF3-7F536273E6D0}"
EndProject
Project("{FAE04EC0-301F-11D3-BF4B-00C04F79EFBC}") = "CADability", "..\CADability\CADability.csproj", "{22B8439F-D01B-9FF7-2F56-5F073678884D}"
EndProject
Global
	GlobalSection(SolutionConfigurationPlatforms) = preSolution
		Debug|Any CPU = Debug|Any CPU
		Release|Any CPU = Release|Any CPU
	EndGlobalSection
	GlobalSection(ProjectConfigurationPlatforms) = postSolution
		{A7BC2DFC-DC9A-4EBA-A20C-FADBEFAB1B26}.Debug|Any CPU.ActiveCfg = Debug|Any CPU
		{A7BC2DFC-DC9A-4EBA-A20C-FADBEFAB1B26}.Debug|Any CPU.Build.0 = Debug|Any CPU
		{A7BC2DFC-DC9A-4EBA-A20C-FADBEFAB1B26}.Release|Any CPU.ActiveCfg = Release|Any CPU
		{A7BC2DFC-DC9A-4EBA-A20C-FADBEFAB1B26}.Release|Any CPU.Build.0 = Release|Any CPU
		{12C902F4-1F95-CA33-CDF3-7F536273E6D0}.Debug|Any CPU.ActiveCfg = Debug|Any CPU
		{12C902F4-1F95-CA33-CDF3-7F536273E6D0}.Debug|Any CPU.Build.0 = Debug|Any CPU
		{12C902F4-1F95-CA33-CDF3-7F536273E6D0}.Release|Any CPU.ActiveCfg = Release|Any CPU
		{12C902F4-1F95-CA33-CDF3-7F536273E6D0}.Release|Any CPU.Build.0 = Release|Any CPU
		{22B8439F-D01B-9FF7-2F56-5F073678884D}.Debug|Any CPU.ActiveCfg = Debug|Any CPU
		{22B8439F-D01B-9FF7-2F56-5F073678884D}.Debug|Any CPU.Build.0 = Debug|Any CPU
		{22B8439F-D01B-9FF7-2F56-5F073678884D}.Release|Any CPU.ActiveCfg = Release|Any CPU
		{22B8439F-D01B-9FF7-2F56-5F073678884D}.Release|Any CPU.Build.0 = Release|Any CPU
	EndGlobalSection
	GlobalSection(SolutionProperties) = preSolution
		HideSolutionNode = FALSE
	EndGlobalSection
	GlobalSection(ExtensibilityGlobals) = postSolution
		SolutionGuid = {14EC9B2B-29D3-48D6-ADDF-5B586C9E135B}
	EndGlobalSection
EndGlobal
